
Microsoft Visual Studio Solution File, Format Version 12.00
# Visual Studio Version 17
VisualStudioVersion = 17.2.32516.85
MinimumVisualStudioVersion = 10.0.40219.1
Project("{9A19103F-16F7-4668-BE54-9A1E7A4F7556}") = "Hexa", "Hexa\Hexa.csproj", "{96CAA29F-A338-4AF2-9A0F-D2AC1BA8E667}"
EndProject
Project("{9A19103F-16F7-4668-BE54-9A1E7A4F7556}") = "Hexa.Web", "Hexa.Web\Hexa.Web.csproj", "{B3C1BF59-5E74-462E-83E2-ACA1B94D2753}"
EndProject
Project("{9A19103F-16F7-4668-BE54-9A1E7A4F7556}") = "Hexa.Data", "Hexa.Data\Hexa.Data.csproj", "{3855564B-7584-459A-BF5A-30743AAB3D5C}"
EndProject
Global
	GlobalSection(SolutionConfigurationPlatforms) = preSolution
		Debug|Any CPU = Debug|Any CPU
		Release|Any CPU = Release|Any CPU
	EndGlobalSection
	GlobalSection(ProjectConfigurationPlatforms) = postSolution
		{96CAA29F-A338-4AF2-9A0F-D2AC1BA8E667}.Debug|Any CPU.ActiveCfg = Debug|Any CPU
		{96CAA29F-A338-4AF2-9A0F-D2AC1BA8E667}.Debug|Any CPU.Build.0 = Debug|Any CPU
		{96CAA29F-A338-4AF2-9A0F-D2AC1BA8E667}.Release|Any CPU.ActiveCfg = Release|Any CPU
		{96CAA29F-A338-4AF2-9A0F-D2AC1BA8E667}.Release|Any CPU.Build.0 = Release|Any CPU
		{B3C1BF59-5E74-462E-83E2-ACA1B94D2753}.Debug|Any CPU.ActiveCfg = Debug|Any CPU
		{B3C1BF59-5E74-462E-83E2-ACA1B94D2753}.Debug|Any CPU.Build.0 = Debug|Any CPU
		{B3C1BF59-5E74-462E-83E2-ACA1B94D2753}.Release|Any CPU.ActiveCfg = Release|Any CPU
		{B3C1BF59-5E74-462E-83E2-ACA1B94D2753}.Release|Any CPU.Build.0 = Release|Any CPU
		{3855564B-7584-459A-BF5A-30743AAB3D5C}.Debug|Any CPU.ActiveCfg = Debug|Any CPU
		{3855564B-7584-459A-BF5A-30743AAB3D5C}.Debug|Any CPU.Build.0 = Debug|Any CPU
		{3855564B-7584-459A-BF5A-30743AAB3D5C}.Release|Any CPU.ActiveCfg = Release|Any CPU
		{3855564B-7584-459A-BF5A-30743AAB3D5C}.Release|Any CPU.Build.0 = Release|Any CPU
	EndGlobalSection
	GlobalSection(SolutionProperties) = preSolution
		HideSolutionNode = FALSE
	EndGlobalSection
	GlobalSection(ExtensibilityGlobals) = postSolution
		SolutionGuid = {DF5A0C67-AD38-4D32-8A22-C75A8EC5D2D1}
	EndGlobalSection
EndGlobal
